
Microsoft Visual Studio Solution File, Format Version 12.00
# Visual Studio Version 17
VisualStudioVersion = 17.4.33213.308
MinimumVisualStudioVersion = 10.0.40219.1
Project("{FAE04EC0-301F-11D3-BF4B-00C04F79EFBC}") = "Demo082023B.Android", "Demo082023B\Demo082023B.Android\Demo082023B.Android.csproj", "{CCD5F5BF-B36A-4F88-A2C1-ADFC08ADDEA3}"
EndProject
Project("{FAE04EC0-301F-11D3-BF4B-00C04F79EFBC}") = "Demo082023B.iOS", "Demo082023B\Demo082023B.iOS\Demo082023B.iOS.csproj", "{0FD8278E-45D0-40A0-A0F1-6EB1ED5C1EDD}"
EndProject
Project("{FAE04EC0-301F-11D3-BF4B-00C04F79EFBC}") = "Demo082023B", "Demo082023B\Demo082023B\Demo082023B.csproj", "{17720E4D-7C61-4075-98F4-71D9D2762F3B}"
EndProject
Global
	GlobalSection(SolutionConfigurationPlatforms) = preSolution
		Debug|Any CPU = Debug|Any CPU
		Debug|iPhone = Debug|iPhone
		Debug|iPhoneSimulator = Debug|iPhoneSimulator
		Release|Any CPU = Release|Any CPU
		Release|iPhone = Release|iPhone
		Release|iPhoneSimulator = Release|iPhoneSimulator
	EndGlobalSection
	GlobalSection(ProjectConfigurationPlatforms) = postSolution
		{CCD5F5BF-B36A-4F88-A2C1-ADFC08ADDEA3}.Debug|Any CPU.ActiveCfg = Debug|Any CPU
		{CCD5F5BF-B36A-4F88-A2C1-ADFC08ADDEA3}.Debug|Any CPU.Build.0 = Debug|Any CPU
		{CCD5F5BF-B36A-4F88-A2C1-ADFC08ADDEA3}.Debug|Any CPU.Deploy.0 = Debug|Any CPU
		{CCD5F5BF-B36A-4F88-A2C1-ADFC08ADDEA3}.Debug|iPhone.ActiveCfg = Debug|Any CPU
		{CCD5F5BF-B36A-4F88-A2C1-ADFC08ADDEA3}.Debug|iPhone.Build.0 = Debug|Any CPU
		{CCD5F5BF-B36A-4F88-A2C1-ADFC08ADDEA3}.Debug|iPhone.Deploy.0 = Debug|Any CPU
		{CCD5F5BF-B36A-4F88-A2C1-ADFC08ADDEA3}.Debug|iPhoneSimulator.ActiveCfg = Debug|Any CPU
		{CCD5F5BF-B36A-4F88-A2C1-ADFC08ADDEA3}.Debug|iPhoneSimulator.Build.0 = Debug|Any CPU
		{CCD5F5BF-B36A-4F88-A2C1-ADFC08ADDEA3}.Debug|iPhoneSimulator.Deploy.0 = Debug|Any CPU
		{CCD5F5BF-B36A-4F88-A2C1-ADFC08ADDEA3}.Release|Any CPU.ActiveCfg = Release|Any CPU
		{CCD5F5BF-B36A-4F88-A2C1-ADFC08ADDEA3}.Release|Any CPU.Build.0 = Release|Any CPU
		{CCD5F5BF-B36A-4F88-A2C1-ADFC08ADDEA3}.Release|Any CPU.Deploy.0 = Release|Any CPU
		{CCD5F5BF-B36A-4F88-A2C1-ADFC08ADDEA3}.Release|iPhone.ActiveCfg = Release|Any CPU
		{CCD5F5BF-B36A-4F88-A2C1-ADFC08ADDEA3}.Release|iPhone.Build.0 = Release|Any CPU
		{CCD5F5BF-B36A-4F88-A2C1-ADFC08ADDEA3}.Release|iPhone.Deploy.0 = Release|Any CPU
		{CCD5F5BF-B36A-4F88-A2C1-ADFC08ADDEA3}.Release|iPhoneSimulator.ActiveCfg = Release|Any CPU
		{CCD5F5BF-B36A-4F88-A2C1-ADFC08ADDEA3}.Release|iPhoneSimulator.Build.0 = Release|Any CPU
		{CCD5F5BF-B36A-4F88-A2C1-ADFC08ADDEA3}.Release|iPhoneSimulator.Deploy.0 = Release|Any CPU
		{0FD8278E-45D0-40A0-A0F1-6EB1ED5C1EDD}.Debug|Any CPU.ActiveCfg = Debug|iPhone
		{0FD8278E-45D0-40A0-A0F1-6EB1ED5C1EDD}.Debug|Any CPU.Build.0 = Debug|iPhone
		{0FD8278E-45D0-40A0-A0F1-6EB1ED5C1EDD}.Debug|Any CPU.Deploy.0 = Debug|iPhone
		{0FD8278E-45D0-40A0-A0F1-6EB1ED5C1EDD}.Debug|iPhone.ActiveCfg = Debug|iPhone
		{0FD8278E-45D0-40A0-A0F1-6EB1ED5C1EDD}.Debug|iPhone.Build.0 = Debug|iPhone
		{0FD8278E-45D0-40A0-A0F1-6EB1ED5C1EDD}.Debug|iPhone.Deploy.0 = Debug|iPhone
		{0FD8278E-45D0-40A0-A0F1-6EB1ED5C1EDD}.Debug|iPhoneSimulator.ActiveCfg = Debug|iPhoneSimulator
		{0FD8278E-45D0-40A0-A0F1-6EB1ED5C1EDD}.Debug|iPhoneSimulator.Build.0 = Debug|iPhoneSimulator
		{0FD8278E-45D0-40A0-A0F1-6EB1ED5C1EDD}.Debug|iPhoneSimulator.Deploy.0 = Debug|iPhoneSimulator
		{0FD8278E-45D0-40A0-A0F1-6EB1ED5C1EDD}.Release|Any CPU.ActiveCfg = Release|iPhoneSimulator
		{0FD8278E-45D0-40A0-A0F1-6EB1ED5C1EDD}.Release|Any CPU.Build.0 = Release|iPhoneSimulator
		{0FD8278E-45D0-40A0-A0F1-6EB1ED5C1EDD}.Release|Any CPU.Deploy.0 = Release|iPhoneSimulator
		{0FD8278E-45D0-40A0-A0F1-6EB1ED5C1EDD}.Release|iPhone.ActiveCfg = Release|iPhone
		{0FD8278E-45D0-40A0-A0F1-6EB1ED5C1EDD}.Release|iPhone.Build.0 = Release|iPhone
		{0FD8278E-45D0-40A0-A0F1-6EB1ED5C1EDD}.Release|iPhone.Deploy.0 = Release|iPhone
		{0FD8278E-45D0-40A0-A0F1-6EB1ED5C1EDD}.Release|iPhoneSimulator.ActiveCfg = Release|iPhoneSimulator
		{0FD8278E-45D0-40A0-A0F1-6EB1ED5C1EDD}.Release|iPhoneSimulator.Build.0 = Release|iPhoneSimulator
		{0FD8278E-45D0-40A0-A0F1-6EB1ED5C1EDD}.Release|iPhoneSimulator.Deploy.0 = Release|iPhoneSimulator
		{17720E4D-7C61-4075-98F4-71D9D2762F3B}.Debug|Any CPU.ActiveCfg = Debug|Any CPU
		{17720E4D-7C61-4075-98F4-71D9D2762F3B}.Debug|Any CPU.Build.0 = Debug|Any CPU
		{17720E4D-7C61-4075-98F4-71D9D2762F3B}.Debug|Any CPU.Deploy.0 = Debug|Any CPU
		{17720E4D-7C61-4075-98F4-71D9D2762F3B}.Debug|iPhone.ActiveCfg = Debug|Any CPU
		{17720E4D-7C61-4075-98F4-71D9D2762F3B}.Debug|iPhone.Build.0 = Debug|Any CPU
		{17720E4D-7C61-4075-98F4-71D9D2762F3B}.Debug|iPhone.Deploy.0 = Debug|Any CPU
		{17720E4D-7C61-4075-98F4-71D9D2762F3B}.Debug|iPhoneSimulator.ActiveCfg = Debug|Any CPU
		{17720E4D-7C61-4075-98F4-71D9D2762F3B}.Debug|iPhoneSimulator.Build.0 = Debug|Any CPU
		{17720E4D-7C61-4075-98F4-71D9D2762F3B}.Debug|iPhoneSimulator.Deploy.0 = Debug|Any CPU
		{17720E4D-7C61-4075-98F4-71D9D2762F3B}.Release|Any CPU.ActiveCfg = Release|Any CPU
		{17720E4D-7C61-4075-98F4-71D9D2762F3B}.Release|Any CPU.Build.0 = Release|Any CPU
		{17720E4D-7C61-4075-98F4-71D9D2762F3B}.Release|Any CPU.Deploy.0 = Release|Any CPU
		{17720E4D-7C61-4075-98F4-71D9D2762F3B}.Release|iPhone.ActiveCfg = Release|Any CPU
		{17720E4D-7C61-4075-98F4-71D9D2762F3B}.Release|iPhone.Build.0 = Release|Any CPU
		{17720E4D-7C61-4075-98F4-71D9D2762F3B}.Release|iPhone.Deploy.0 = Release|Any CPU
		{17720E4D-7C61-4075-98F4-71D9D2762F3B}.Release|iPhoneSimulator.ActiveCfg = Release|Any CPU
		{17720E4D-7C61-4075-98F4-71D9D2762F3B}.Release|iPhoneSimulator.Build.0 = Release|Any CPU
		{17720E4D-7C61-4075-98F4-71D9D2762F3B}.Release|iPhoneSimulator.Deploy.0 = Release|Any CPU
	EndGlobalSection
	GlobalSection(SolutionProperties) = preSolution
		HideSolutionNode = FALSE
	EndGlobalSection
	GlobalSection(ExtensibilityGlobals) = postSolution
		SolutionGuid = {56826B01-B692-4E43-9860-775C147EB590}
	EndGlobalSection
EndGlobal
